
Microsoft Visual Studio Solution File, Format Version 12.00
# Visual Studio Version 16
VisualStudioVersion = 16.0.29911.84
MinimumVisualStudioVersion = 10.0.40219.1
Project("{8BC9CEB8-8B4A-11D0-8D11-00A0C91BC942}") = "HttpServerSample", "HttpServerSample\HttpServerSample.vcxproj", "{9BF903DF-18DD-40FB-A8F1-444CC410ECF9}"
EndProject
Project("{2150E333-8FDC-42A3-9474-1A3956D46DE8}") = "Solution Items", "Solution Items", "{B13533EE-B6CE-4F02-A051-5B286B68C2C2}"
	ProjectSection(SolutionItems) = preProject
		Dockerfile = Dockerfile
	EndProjectSection
EndProject
Global
	GlobalSection(SolutionConfigurationPlatforms) = preSolution
		Debug|x64 = Debug|x64
		Release|x64 = Release|x64
	EndGlobalSection
	GlobalSection(ProjectConfigurationPlatforms) = postSolution
		{9BF903DF-18DD-40FB-A8F1-444CC410ECF9}.Debug|x64.ActiveCfg = Debug|x64
		{9BF903DF-18DD-40FB-A8F1-444CC410ECF9}.Debug|x64.Build.0 = Debug|x64
		{9BF903DF-18DD-40FB-A8F1-444CC410ECF9}.Release|x64.ActiveCfg = Release|x64
		{9BF903DF-18DD-40FB-A8F1-444CC410ECF9}.Release|x64.Build.0 = Release|x64
	EndGlobalSection
	GlobalSection(SolutionProperties) = preSolution
		HideSolutionNode = FALSE
	EndGlobalSection
	GlobalSection(ExtensibilityGlobals) = postSolution
		SolutionGuid = {FEFBEBE3-05F2-4E60-ACF2-5F9D815C9266}
	EndGlobalSection
EndGlobal
